
Microsoft Visual Studio Solution File, Format Version 12.00
# Visual Studio 15
VisualStudioVersion = 15.0.27428.2037
MinimumVisualStudioVersion = 10.0.40219.1
Project("{FAE04EC0-301F-11D3-BF4B-00C04F79EFBC}") = "Movieapp", "Movieapp\Movieapp.csproj", "{8C1AF449-A0BD-4E35-8497-30F83C0EAA64}"
EndProject
Global
	GlobalSection(SolutionConfigurationPlatforms) = preSolution
		Debug|Any CPU = Debug|Any CPU
		Release|Any CPU = Release|Any CPU
	EndGlobalSection
	GlobalSection(ProjectConfigurationPlatforms) = postSolution
		{8C1AF449-A0BD-4E35-8497-30F83C0EAA64}.Debug|Any CPU.ActiveCfg = Debug|Any CPU
		{8C1AF449-A0BD-4E35-8497-30F83C0EAA64}.Debug|Any CPU.Build.0 = Debug|Any CPU
		{8C1AF449-A0BD-4E35-8497-30F83C0EAA64}.Release|Any CPU.ActiveCfg = Release|Any CPU
		{8C1AF449-A0BD-4E35-8497-30F83C0EAA64}.Release|Any CPU.Build.0 = Release|Any CPU
	EndGlobalSection
	GlobalSection(SolutionProperties) = preSolution
		HideSolutionNode = FALSE
	EndGlobalSection
	GlobalSection(ExtensibilityGlobals) = postSolution
		SolutionGuid = {8E729F33-C013-4A18-8B8F-1E869D70AA4B}
	EndGlobalSection
EndGlobal
